
Microsoft Visual Studio Solution File, Format Version 12.00
# Visual Studio 15
VisualStudioVersion = 15.0.28307.1082
MinimumVisualStudioVersion = 10.0.40219.1
Project("{8BC9CEB8-8B4A-11D0-8D11-00A0C91BC942}") = "DataTypes", "DataTypes\DataTypes.vcxproj", "{289BD6E4-0EDF-4219-AEEA-AC136DD37528}"
EndProject
Project("{8BC9CEB8-8B4A-11D0-8D11-00A0C91BC942}") = "HomeWork", "HomeWork\HomeWork.vcxproj", "{BF626683-7BDB-441E-8288-9AB942BC21A0}"
EndProject
Global
	GlobalSection(SolutionConfigurationPlatforms) = preSolution
		Debug|x64 = Debug|x64
		Debug|x86 = Debug|x86
		Release|x64 = Release|x64
		Release|x86 = Release|x86
	EndGlobalSection
	GlobalSection(ProjectConfigurationPlatforms) = postSolution
		{289BD6E4-0EDF-4219-AEEA-AC136DD37528}.Debug|x64.ActiveCfg = Debug|x64
		{289BD6E4-0EDF-4219-AEEA-AC136DD37528}.Debug|x64.Build.0 = Debug|x64
		{289BD6E4-0EDF-4219-AEEA-AC136DD37528}.Debug|x86.ActiveCfg = Debug|Win32
		{289BD6E4-0EDF-4219-AEEA-AC136DD37528}.Debug|x86.Build.0 = Debug|Win32
		{289BD6E4-0EDF-4219-AEEA-AC136DD37528}.Release|x64.ActiveCfg = Release|x64
		{289BD6E4-0EDF-4219-AEEA-AC136DD37528}.Release|x64.Build.0 = Release|x64
		{289BD6E4-0EDF-4219-AEEA-AC136DD37528}.Release|x86.ActiveCfg = Release|Win32
		{289BD6E4-0EDF-4219-AEEA-AC136DD37528}.Release|x86.Build.0 = Release|Win32
		{BF626683-7BDB-441E-8288-9AB942BC21A0}.Debug|x64.ActiveCfg = Debug|x64
		{BF626683-7BDB-441E-8288-9AB942BC21A0}.Debug|x64.Build.0 = Debug|x64
		{BF626683-7BDB-441E-8288-9AB942BC21A0}.Debug|x86.ActiveCfg = Debug|Win32
		{BF626683-7BDB-441E-8288-9AB942BC21A0}.Debug|x86.Build.0 = Debug|Win32
		{BF626683-7BDB-441E-8288-9AB942BC21A0}.Release|x64.ActiveCfg = Release|x64
		{BF626683-7BDB-441E-8288-9AB942BC21A0}.Release|x64.Build.0 = Release|x64
		{BF626683-7BDB-441E-8288-9AB942BC21A0}.Release|x86.ActiveCfg = Release|Win32
		{BF626683-7BDB-441E-8288-9AB942BC21A0}.Release|x86.Build.0 = Release|Win32
	EndGlobalSection
	GlobalSection(SolutionProperties) = preSolution
		HideSolutionNode = FALSE
	EndGlobalSection
	GlobalSection(ExtensibilityGlobals) = postSolution
		SolutionGuid = {B456884A-FF01-4440-85B3-C95783D37844}
	EndGlobalSection
EndGlobal
